
Microsoft Visual Studio Solution File, Format Version 12.00
# Visual Studio Version 17
VisualStudioVersion = 17.3.32819.101
MinimumVisualStudioVersion = 10.0.40219.1
Project("{9A19103F-16F7-4668-BE54-9A1E7A4F7556}") = "GUI", "GUI\GUI.csproj", "{3268E73B-4F57-4D89-9BA9-BA8052F2D2D3}"
EndProject
Project("{9A19103F-16F7-4668-BE54-9A1E7A4F7556}") = "PS2000GUI", "PS2000\PS2000GUI.csproj", "{6EFA379E-B207-4862-AF27-93E750E77318}"
EndProject
Global
	GlobalSection(SolutionConfigurationPlatforms) = preSolution
		Debug|Any CPU = Debug|Any CPU
		Release|Any CPU = Release|Any CPU
	EndGlobalSection
	GlobalSection(ProjectConfigurationPlatforms) = postSolution
		{3268E73B-4F57-4D89-9BA9-BA8052F2D2D3}.Debug|Any CPU.ActiveCfg = Debug|Any CPU
		{3268E73B-4F57-4D89-9BA9-BA8052F2D2D3}.Debug|Any CPU.Build.0 = Debug|Any CPU
		{3268E73B-4F57-4D89-9BA9-BA8052F2D2D3}.Release|Any CPU.ActiveCfg = Release|Any CPU
		{3268E73B-4F57-4D89-9BA9-BA8052F2D2D3}.Release|Any CPU.Build.0 = Release|Any CPU
		{6EFA379E-B207-4862-AF27-93E750E77318}.Debug|Any CPU.ActiveCfg = Debug|Any CPU
		{6EFA379E-B207-4862-AF27-93E750E77318}.Debug|Any CPU.Build.0 = Debug|Any CPU
		{6EFA379E-B207-4862-AF27-93E750E77318}.Release|Any CPU.ActiveCfg = Release|Any CPU
		{6EFA379E-B207-4862-AF27-93E750E77318}.Release|Any CPU.Build.0 = Release|Any CPU
	EndGlobalSection
	GlobalSection(SolutionProperties) = preSolution
		HideSolutionNode = FALSE
	EndGlobalSection
	GlobalSection(ExtensibilityGlobals) = postSolution
		SolutionGuid = {5D7CB245-503F-4780-951A-4824C80D78A9}
	EndGlobalSection
EndGlobal
